{
  "name": "node",
  "version": "1.0.0",
  "lockfileVersion": 3,
  "requires": true,
  "packages": {
    "": {
      "name": "node",
      "version": "1.0.0",
      "license": "ISC",
      "dependencies": {
        "@extism/extism": "file:../../dist/extism-extism-0.0.0-replaced-by-ci.tgz",
        "tinybench": "^3.0.4"
      }
    },
    "node_modules/@extism/extism": {
      "version": "0.0.0-replaced-by-ci",
      "resolved": "file:../../dist/extism-extism-0.0.0-replaced-by-ci.tgz",
      "integrity": "sha512-Sabzy2jWa7zjgTP+6Gx/Kd0KDBVpjc43nQ6jt+BR2sSI7JVHIAmtDjd4G5ZdIW+4Bvnc6algqAgd4SegGFH6Tg==",
      "license": "BSD-3-Clause"
    },
    "node_modules/tinybench": {
      "version": "3.0.4",
      "resolved": "https://registry.npmjs.org/tinybench/-/tinybench-3.0.4.tgz",
      "integrity": "sha512-JMCuHaSJh6i1/8RMgZiRhA2KY/SiwnCxxGmoRz7onx69vDlh9YkbBFoi37WOssH+EccktzXYacTUtmIfdSqFTw==",
      "engines": {
        "node": ">=18.0.0"
      }
    }
  }
}
